// !$*UTF8*$!
{
	archiveVersion = 1;
	classes = {
	};
	objectVersion = 50;
	objects = {

/* Begin PBXBuildFile section */
		938DF328263815F1001DB146 /* SettingView.swift in Sources */ = {isa = PBXBuildFile; fileRef = 938DF327263815F1001DB146 /* SettingView.swift */; };
		938DF32A26381EFC001DB146 /* AnimationScaleView.swift in Sources */ = {isa = PBXBuildFile; fileRef = 938DF32926381EFC001DB146 /* AnimationScaleView.swift */; };
		93DF59892637EBED00BD0C5D /* AppDelegate.swift in Sources */ = {isa = PBXBuildFile; fileRef = 93DF59882637EBED00BD0C5D /* AppDelegate.swift */; };
		93DF598B2637EBED00BD0C5D /* ContentView.swift in Sources */ = {isa = PBXBuildFile; fileRef = 93DF598A2637EBED00BD0C5D /* ContentView.swift */; };
		93DF598D2637EBF000BD0C5D /* Assets.xcassets in Resources */ = {isa = PBXBuildFile; fileRef = 93DF598C2637EBF000BD0C5D /* Assets.xcassets */; };
		93DF59902637EBF000BD0C5D /* Preview Assets.xcassets in Resources */ = {isa = PBXBuildFile; fileRef = 93DF598F2637EBF000BD0C5D /* Preview Assets.xcassets */; };
		93DF59932637EBF000BD0C5D /* Main.storyboard in Resources */ = {isa = PBXBuildFile; fileRef = 93DF59912637EBF000BD0C5D /* Main.storyboard */; };
		93DF599C2637EC1E00BD0C5D /* SingleBackgroundView.swift in Sources */ = {isa = PBXBuildFile; fileRef = 93DF599B2637EC1E00BD0C5D /* SingleBackgroundView.swift */; };
		93DF599E2638099F00BD0C5D /* BackgroundColor.swift in Sources */ = {isa = PBXBuildFile; fileRef = 93DF599D2638099F00BD0C5D /* BackgroundColor.swift */; };
		93EE2BD026386344008EF493 /* Home.swift in Sources */ = {isa = PBXBuildFile; fileRef = 93EE2BCF26386344008EF493 /* Home.swift */; };
		93EE2BD626388340008EF493 /* ReadMe.txt in Resources */ = {isa = PBXBuildFile; fileRef = 93EE2BD526388340008EF493 /* ReadMe.txt */; };
/* End PBXBuildFile section */

/* Begin PBXFileReference section */
		938DF327263815F1001DB146 /* SettingView.swift */ = {isa = PBXFileReference; lastKnownFileType = sourcecode.swift; path = SettingView.swift; sourceTree = "<group>"; };
		938DF32926381EFC001DB146 /* AnimationScaleView.swift */ = {isa = PBXFileReference; lastKnownFileType = sourcecode.swift; path = AnimationScaleView.swift; sourceTree = "<group>"; };
		93DF59852637EBED00BD0C5D /* DesktopClock.app */ = {isa = PBXFileReference; explicitFileType = wrapper.application; includeInIndex = 0; path = DesktopClock.app; sourceTree = BUILT_PRODUCTS_DIR; };
		93DF59882637EBED00BD0C5D /* AppDelegate.swift */ = {isa = PBXFileReference; lastKnownFileType = sourcecode.swift; path = AppDelegate.swift; sourceTree = "<group>"; };
		93DF598A2637EBED00BD0C5D /* ContentView.swift */ = {isa = PBXFileReference; lastKnownFileType = sourcecode.swift; path = ContentView.swift; sourceTree = "<group>"; };
		93DF598C2637EBF000BD0C5D /* Assets.xcassets */ = {isa = PBXFileReference; lastKnownFileType = folder.assetcatalog; path = Assets.xcassets; sourceTree = "<group>"; };
		93DF598F2637EBF000BD0C5D /* Preview Assets.xcassets */ = {isa = PBXFileReference; lastKnownFileType = folder.assetcatalog; path = "Preview Assets.xcassets"; sourceTree = "<group>"; };
		93DF59922637EBF000BD0C5D /* Base */ = {isa = PBXFileReference; lastKnownFileType = file.storyboard; name = Base; path = Base.lproj/Main.storyboard; sourceTree = "<group>"; };
		93DF59942637EBF000BD0C5D /* Info.plist */ = {isa = PBXFileReference; lastKnownFileType = text.plist.xml; path = Info.plist; sourceTree = "<group>"; };
		93DF59952637EBF000BD0C5D /* DesktopClock.entitlements */ = {isa = PBXFileReference; lastKnownFileType = text.plist.entitlements; path = DesktopClock.entitlements; sourceTree = "<group>"; };
		93DF599B2637EC1E00BD0C5D /* SingleBackgroundView.swift */ = {isa = PBXFileReference; lastKnownFileType = sourcecode.swift; path = SingleBackgroundView.swift; sourceTree = "<group>"; };
		93DF599D2638099F00BD0C5D /* BackgroundColor.swift */ = {isa = PBXFileReference; lastKnownFileType = sourcecode.swift; path = BackgroundColor.swift; sourceTree = "<group>"; };
		93EE2BCF26386344008EF493 /* Home.swift */ = {isa = PBXFileReference; lastKnownFileType = sourcecode.swift; path = Home.swift; sourceTree = "<group>"; };
		93EE2BD526388340008EF493 /* ReadMe.txt */ = {isa = PBXFileReference; lastKnownFileType = text; path = ReadMe.txt; sourceTree = "<group>"; };
/* End PBXFileReference section */

/* Begin PBXFrameworksBuildPhase section */
		93DF59822637EBED00BD0C5D /* Frameworks */ = {
			isa = PBXFrameworksBuildPhase;
			buildActionMask = 2147483647;
			files = (
			);
			runOnlyForDeploymentPostprocessing = 0;
		};
/* End PBXFrameworksBuildPhase section */

/* Begin PBXGroup section */
		93DF597C2637EBED00BD0C5D = {
			isa = PBXGroup;
			children = (
				93EE2BD526388340008EF493 /* ReadMe.txt */,
				93DF59872637EBED00BD0C5D /* DesktopClock */,
				93DF59862637EBED00BD0C5D /* Products */,
			);
			sourceTree = "<group>";
		};
		93DF59862637EBED00BD0C5D /* Products */ = {
			isa = PBXGroup;
			children = (
				93DF59852637EBED00BD0C5D /* DesktopClock.app */,
			);
			name = Products;
			sourceTree = "<group>";
		};
		93DF59872637EBED00BD0C5D /* DesktopClock */ = {
			isa = PBXGroup;
			children = (
				93DF59882637EBED00BD0C5D /* AppDelegate.swift */,
				93DF598A2637EBED00BD0C5D /* ContentView.swift */,
				938DF327263815F1001DB146 /* SettingView.swift */,
				93DF599B2637EC1E00BD0C5D /* SingleBackgroundView.swift */,
				93EE2BCF26386344008EF493 /* Home.swift */,
				938DF32926381EFC001DB146 /* AnimationScaleView.swift */,
				93DF599D2638099F00BD0C5D /* BackgroundColor.swift */,
				93DF598C2637EBF000BD0C5D /* Assets.xcassets */,
				93DF59912637EBF000BD0C5D /* Main.storyboard */,
				93DF59942637EBF000BD0C5D /* Info.plist */,
				93DF59952637EBF000BD0C5D /* DesktopClock.entitlements */,
				93DF598E2637EBF000BD0C5D /* Preview Content */,
			);
			path = DesktopClock;
			sourceTree = "<group>";
		};
		93DF598E2637EBF000BD0C5D /* Preview Content */ = {
			isa = PBXGroup;
			children = (
				93DF598F2637EBF000BD0C5D /* Preview Assets.xcassets */,
			);
			path = "Preview Content";
			sourceTree = "<group>";
		};
/* End PBXGroup section */

/* Begin PBXNativeTarget section */
		93DF59842637EBED00BD0C5D /* DesktopClock */ = {
			isa = PBXNativeTarget;
			buildConfigurationList = 93DF59982637EBF000BD0C5D /* Build configuration list for PBXNativeTarget "DesktopClock" */;
			buildPhases = (
				93DF59812637EBED00BD0C5D /* Sources */,
				93DF59822637EBED00BD0C5D /* Frameworks */,
				93DF59832637EBED00BD0C5D /* Resources */,
			);
			buildRules = (
			);
			dependencies = (
			);
			name = DesktopClock;
			productName = DesktopClock;
			productReference = 93DF59852637EBED00BD0C5D /* DesktopClock.app */;
			productType = "com.apple.product-type.application";
		};
/* End PBXNativeTarget section */

/* Begin PBXProject section */
		93DF597D2637EBED00BD0C5D /* Project object */ = {
			isa = PBXProject;
			attributes = {
				LastSwiftUpdateCheck = 1130;
				LastUpgradeCheck = 1130;
				ORGANIZATIONNAME = AaronDeng;
				TargetAttributes = {
					93DF59842637EBED00BD0C5D = {
						CreatedOnToolsVersion = 11.3;
					};
				};
			};
			buildConfigurationList = 93DF59802637EBED00BD0C5D /* Build configuration list for PBXProject "DesktopClock" */;
			compatibilityVersion = "Xcode 9.3";
			developmentRegion = en;
			hasScannedForEncodings = 0;
			knownRegions = (
				en,
				Base,
			);
			mainGroup = 93DF597C2637EBED00BD0C5D;
			productRefGroup = 93DF59862637EBED00BD0C5D /* Products */;
			projectDirPath = "";
			projectRoot = "";
			targets = (
				93DF59842637EBED00BD0C5D /* DesktopClock */,
			);
		};
/* End PBXProject section */

/* Begin PBXResourcesBuildPhase section */
		93DF59832637EBED00BD0C5D /* Resources */ = {
			isa = PBXResourcesBuildPhase;
			buildActionMask = 2147483647;
			files = (
				93DF59932637EBF000BD0C5D /* Main.storyboard in Resources */,
				93DF59902637EBF000BD0C5D /* Preview Assets.xcassets in Resources */,
				93EE2BD626388340008EF493 /* ReadMe.txt in Resources */,
				93DF598D2637EBF000BD0C5D /* Assets.xcassets in Resources */,
			);
			runOnlyForDeploymentPostprocessing = 0;
		};
/* End PBXResourcesBuildPhase section */

/* Begin PBXSourcesBuildPhase section */
		93DF59812637EBED00BD0C5D /* Sources */ = {
			isa = PBXSourcesBuildPhase;
			buildActionMask = 2147483647;
			files = (
				93DF599C2637EC1E00BD0C5D /* SingleBackgroundView.swift in Sources */,
				938DF328263815F1001DB146 /* SettingView.swift in Sources */,
				93DF598B2637EBED00BD0C5D /* ContentView.swift in Sources */,
				93DF59892637EBED00BD0C5D /* AppDelegate.swift in Sources */,
				938DF32A26381EFC001DB146 /* AnimationScaleView.swift in Sources */,
				93DF599E2638099F00BD0C5D /* BackgroundColor.swift in Sources */,
				93EE2BD026386344008EF493 /* Home.swift in Sources */,
			);
			runOnlyForDeploymentPostprocessing = 0;
		};
/* End PBXSourcesBuildPhase section */

/* Begin PBXVariantGroup section */
		93DF59912637EBF000BD0C5D /* Main.storyboard */ = {
			isa = PBXVariantGroup;
			children = (
				93DF59922637EBF000BD0C5D /* Base */,
			);
			name = Main.storyboard;
			sourceTree = "<group>";
		};
/* End PBXVariantGroup section */

/* Begin XCBuildConfiguration section */
		93DF59962637EBF000BD0C5D /* Debug */ = {
			isa = XCBuildConfiguration;
			buildSettings = {
				ALWAYS_SEARCH_USER_PATHS = NO;
				CLANG_ANALYZER_NONNULL = YES;
				CLANG_ANALYZER_NUMBER_OBJECT_CONVERSION = YES_AGGRESSIVE;
				CLANG_CXX_LANGUAGE_STANDARD = "gnu++14";
				CLANG_CXX_LIBRARY = "libc++";
				CLANG_ENABLE_MODULES = YES;
				CLANG_ENABLE_OBJC_ARC = YES;
				CLANG_ENABLE_OBJC_WEAK = YES;
				CLANG_WARN_BLOCK_CAPTURE_AUTORELEASING = YES;
				CLANG_WARN_BOOL_CONVERSION = YES;
				CLANG_WARN_COMMA = YES;
				CLANG_WARN_CONSTANT_CONVERSION = YES;
				CLANG_WARN_DEPRECATED_OBJC_IMPLEMENTATIONS = YES;
				CLANG_WARN_DIRECT_OBJC_ISA_USAGE = YES_ERROR;
				CLANG_WARN_DOCUMENTATION_COMMENTS = YES;
				CLANG_WARN_EMPTY_BODY = YES;
				CLANG_WARN_ENUM_CONVERSION = YES;
				CLANG_WARN_INFINITE_RECURSION = YES;
				CLANG_WARN_INT_CONVERSION = YES;
				CLANG_WARN_NON_LITERAL_NULL_CONVERSION = YES;
				CLANG_WARN_OBJC_IMPLICIT_RETAIN_SELF = YES;
				CLANG_WARN_OBJC_LITERAL_CONVERSION = YES;
				CLANG_WARN_OBJC_ROOT_CLASS = YES_ERROR;
				CLANG_WARN_RANGE_LOOP_ANALYSIS = YES;
				CLANG_WARN_STRICT_PROTOTYPES = YES;
				CLANG_WARN_SUSPICIOUS_MOVE = YES;
				CLANG_WARN_UNGUARDED_AVAILABILITY = YES_AGGRESSIVE;
				CLANG_WARN_UNREACHABLE_CODE = YES;
				CLANG_WARN__DUPLICATE_METHOD_MATCH = YES;
				COPY_PHASE_STRIP = NO;
				DEBUG_INFORMATION_FORMAT = dwarf;
				ENABLE_STRICT_OBJC_MSGSEND = YES;
				ENABLE_TESTABILITY = YES;
				GCC_C_LANGUAGE_STANDARD = gnu11;
				GCC_DYNAMIC_NO_PIC = NO;
				GCC_NO_COMMON_BLOCKS = YES;
				GCC_OPTIMIZATION_LEVEL = 0;
				GCC_PREPROCESSOR_DEFINITIONS = (
					"DEBUG=1",
					"$(inherited)",
				);
				GCC_WARN_64_TO_32_BIT_CONVERSION = YES;
				GCC_WARN_ABOUT_RETURN_TYPE = YES_ERROR;
				GCC_WARN_UNDECLARED_SELECTOR = YES;
				GCC_WARN_UNINITIALIZED_AUTOS = YES_AGGRESSIVE;
				GCC_WARN_UNUSED_FUNCTION = YES;
				GCC_WARN_UNUSED_VARIABLE = YES;
				MACOSX_DEPLOYMENT_TARGET = 10.15;
				MTL_ENABLE_DEBUG_INFO = INCLUDE_SOURCE;
				MTL_FAST_MATH = YES;
				ONLY_ACTIVE_ARCH = YES;
				SDKROOT = macosx;
				SWIFT_ACTIVE_COMPILATION_CONDITIONS = DEBUG;
				SWIFT_OPTIMIZATION_LEVEL = "-Onone";
			};
			name = Debug;
		};
		93DF59972637EBF000BD0C5D /* Release */ = {
			isa = XCBuildConfiguration;
			buildSettings = {
				ALWAYS_SEARCH_USER_PATHS = NO;
				CLANG_ANALYZER_NONNULL = YES;
				CLANG_ANALYZER_NUMBER_OBJECT_CONVERSION = YES_AGGRESSIVE;
				CLANG_CXX_LANGUAGE_STANDARD = "gnu++14";
				CLANG_CXX_LIBRARY = "libc++";
				CLANG_ENABLE_MODULES = YES;
				CLANG_ENABLE_OBJC_ARC = YES;
				CLANG_ENABLE_OBJC_WEAK = YES;
				CLANG_WARN_BLOCK_CAPTURE_AUTORELEASING = YES;
				CLANG_WARN_BOOL_CONVERSION = YES;
				CLANG_WARN_COMMA = YES;
				CLANG_WARN_CONSTANT_CONVERSION = YES;
				CLANG_WARN_DEPRECATED_OBJC_IMPLEMENTATIONS = YES;
				CLANG_WARN_DIRECT_OBJC_ISA_USAGE = YES_ERROR;
				CLANG_WARN_DOCUMENTATION_COMMENTS = YES;
				CLANG_WARN_EMPTY_BODY = YES;
				CLANG_WARN_ENUM_CONVERSION = YES;
				CLANG_WARN_INFINITE_RECURSION = YES;
				CLANG_WARN_INT_CONVERSION = YES;
				CLANG_WARN_NON_LITERAL_NULL_CONVERSION = YES;
				CLANG_WARN_OBJC_IMPLICIT_RETAIN_SELF = YES;
				CLANG_WARN_OBJC_LITERAL_CONVERSION = YES;
				CLANG_WARN_OBJC_ROOT_CLASS = YES_ERROR;
				CLANG_WARN_RANGE_LOOP_ANALYSIS = YES;
				CLANG_WARN_STRICT_PROTOTYPES = YES;
				CLANG_WARN_SUSPICIOUS_MOVE = YES;
				CLANG_WARN_UNGUARDED_AVAILABILITY = YES_AGGRESSIVE;
				CLANG_WARN_UNREACHABLE_CODE = YES;
				CLANG_WARN__DUPLICATE_METHOD_MATCH = YES;
				COPY_PHASE_STRIP = NO;
				DEBUG_INFORMATION_FORMAT = "dwarf-with-dsym";
				ENABLE_NS_ASSERTIONS = NO;
				ENABLE_STRICT_OBJC_MSGSEND = YES;
				GCC_C_LANGUAGE_STANDARD = gnu11;
				GCC_NO_COMMON_BLOCKS = YES;
				GCC_WARN_64_TO_32_BIT_CONVERSION = YES;
				GCC_WARN_ABOUT_RETURN_TYPE = YES_ERROR;
				GCC_WARN_UNDECLARED_SELECTOR = YES;
				GCC_WARN_UNINITIALIZED_AUTOS = YES_AGGRESSIVE;
				GCC_WARN_UNUSED_FUNCTION = YES;
				GCC_WARN_UNUSED_VARIABLE = YES;
				MACOSX_DEPLOYMENT_TARGET = 10.15;
				MTL_ENABLE_DEBUG_INFO = NO;
				MTL_FAST_MATH = YES;
				SDKROOT = macosx;
				SWIFT_COMPILATION_MODE = wholemodule;
				SWIFT_OPTIMIZATION_LEVEL = "-O";
			};
			name = Release;
		};
		93DF59992637EBF000BD0C5D /* Debug */ = {
			isa = XCBuildConfiguration;
			buildSettings = {
				ASSETCATALOG_COMPILER_APPICON_NAME = AppIcon;
				CODE_SIGN_ENTITLEMENTS = DesktopClock/DesktopClock.entitlements;
				CODE_SIGN_STYLE = Automatic;
				COMBINE_HIDPI_IMAGES = YES;
				DEVELOPMENT_ASSET_PATHS = "\"DesktopClock/Preview Content\"";
				ENABLE_PREVIEWS = YES;
				INFOPLIST_FILE = DesktopClock/Info.plist;
				LD_RUNPATH_SEARCH_PATHS = (
					"$(inherited)",
					"@executable_path/../Frameworks",
				);
				MACOSX_DEPLOYMENT_TARGET = 10.15;
				PRODUCT_BUNDLE_IDENTIFIER = ALS1221.DesktopClock;
				PRODUCT_NAME = "$(TARGET_NAME)";
				SWIFT_VERSION = 5.0;
			};
			name = Debug;
		};
		93DF599A2637EBF000BD0C5D /* Release */ = {
			isa = XCBuildConfiguration;
			buildSettings = {
				ASSETCATALOG_COMPILER_APPICON_NAME = AppIcon;
				CODE_SIGN_ENTITLEMENTS = DesktopClock/DesktopClock.entitlements;
				CODE_SIGN_STYLE = Automatic;
				COMBINE_HIDPI_IMAGES = YES;
				DEVELOPMENT_ASSET_PATHS = "\"DesktopClock/Preview Content\"";
				ENABLE_PREVIEWS = YES;
				INFOPLIST_FILE = DesktopClock/Info.plist;
				LD_RUNPATH_SEARCH_PATHS = (
					"$(inherited)",
					"@executable_path/../Frameworks",
				);
				MACOSX_DEPLOYMENT_TARGET = 10.15;
				PRODUCT_BUNDLE_IDENTIFIER = ALS1221.DesktopClock;
				PRODUCT_NAME = "$(TARGET_NAME)";
				SWIFT_VERSION = 5.0;
			};
			name = Release;
		};
/* End XCBuildConfiguration section */

/* Begin XCConfigurationList section */
		93DF59802637EBED00BD0C5D /* Build configuration list for PBXProject "DesktopClock" */ = {
			isa = XCConfigurationList;
			buildConfigurations = (
				93DF59962637EBF000BD0C5D /* Debug */,
				93DF59972637EBF000BD0C5D /* Release */,
			);
			defaultConfigurationIsVisible = 0;
			defaultConfigurationName = Release;
		};
		93DF59982637EBF000BD0C5D /* Build configuration list for PBXNativeTarget "DesktopClock" */ = {
			isa = XCConfigurationList;
			buildConfigurations = (
				93DF59992637EBF000BD0C5D /* Debug */,
				93DF599A2637EBF000BD0C5D /* Release */,
			);
			defaultConfigurationIsVisible = 0;
			defaultConfigurationName = Release;
		};
/* End XCConfigurationList section */
	};
	rootObject = 93DF597D2637EBED00BD0C5D /* Project object */;
}
